
Microsoft Visual Studio Solution File, Format Version 12.00
# Visual Studio Version 16
VisualStudioVersion = 16.0.30907.101
MinimumVisualStudioVersion = 10.0.40219.1
Project("{9A19103F-16F7-4668-BE54-9A1E7A4F7556}") = "DataAccess", "DataAccess\DataAccess.csproj", "{6DABD465-E0B1-4456-9760-D2A211C650F0}"
EndProject
Project("{9A19103F-16F7-4668-BE54-9A1E7A4F7556}") = "Business", "Business\Business.csproj", "{6C9B6756-0BA7-4159-A992-6BF7048142ED}"
EndProject
Project("{9A19103F-16F7-4668-BE54-9A1E7A4F7556}") = "Entities", "Entities\Entities.csproj", "{4AB50C9F-AECF-4686-AA82-70479B6193A3}"
EndProject
Project("{9A19103F-16F7-4668-BE54-9A1E7A4F7556}") = "ConsoleUI", "ConsoleUI\ConsoleUI.csproj", "{8F7D391F-BD59-4CFE-B732-409B240B967B}"
EndProject
Project("{9A19103F-16F7-4668-BE54-9A1E7A4F7556}") = "Core", "Core\Core.csproj", "{B8DBBB24-D9E3-409D-95BE-100BAB5F2976}"
EndProject
Project("{FAE04EC0-301F-11D3-BF4B-00C04F79EFBC}") = "WebAPI", "WebAPI\WebAPI.csproj", "{E81CA6E6-3C38-4F4D-9730-89D71018C81A}"
EndProject
Global
	GlobalSection(SolutionConfigurationPlatforms) = preSolution
		Debug|Any CPU = Debug|Any CPU
		Release|Any CPU = Release|Any CPU
	EndGlobalSection
	GlobalSection(ProjectConfigurationPlatforms) = postSolution
		{6DABD465-E0B1-4456-9760-D2A211C650F0}.Debug|Any CPU.ActiveCfg = Debug|Any CPU
		{6DABD465-E0B1-4456-9760-D2A211C650F0}.Debug|Any CPU.Build.0 = Debug|Any CPU
		{6DABD465-E0B1-4456-9760-D2A211C650F0}.Release|Any CPU.ActiveCfg = Release|Any CPU
		{6DABD465-E0B1-4456-9760-D2A211C650F0}.Release|Any CPU.Build.0 = Release|Any CPU
		{6C9B6756-0BA7-4159-A992-6BF7048142ED}.Debug|Any CPU.ActiveCfg = Debug|Any CPU
		{6C9B6756-0BA7-4159-A992-6BF7048142ED}.Debug|Any CPU.Build.0 = Debug|Any CPU
		{6C9B6756-0BA7-4159-A992-6BF7048142ED}.Release|Any CPU.ActiveCfg = Release|Any CPU
		{6C9B6756-0BA7-4159-A992-6BF7048142ED}.Release|Any CPU.Build.0 = Release|Any CPU
		{4AB50C9F-AECF-4686-AA82-70479B6193A3}.Debug|Any CPU.ActiveCfg = Debug|Any CPU
		{4AB50C9F-AECF-4686-AA82-70479B6193A3}.Debug|Any CPU.Build.0 = Debug|Any CPU
		{4AB50C9F-AECF-4686-AA82-70479B6193A3}.Release|Any CPU.ActiveCfg = Release|Any CPU
		{4AB50C9F-AECF-4686-AA82-70479B6193A3}.Release|Any CPU.Build.0 = Release|Any CPU
		{8F7D391F-BD59-4CFE-B732-409B240B967B}.Debug|Any CPU.ActiveCfg = Debug|Any CPU
		{8F7D391F-BD59-4CFE-B732-409B240B967B}.Debug|Any CPU.Build.0 = Debug|Any CPU
		{8F7D391F-BD59-4CFE-B732-409B240B967B}.Release|Any CPU.ActiveCfg = Release|Any CPU
		{8F7D391F-BD59-4CFE-B732-409B240B967B}.Release|Any CPU.Build.0 = Release|Any CPU
		{B8DBBB24-D9E3-409D-95BE-100BAB5F2976}.Debug|Any CPU.ActiveCfg = Debug|Any CPU
		{B8DBBB24-D9E3-409D-95BE-100BAB5F2976}.Debug|Any CPU.Build.0 = Debug|Any CPU
		{B8DBBB24-D9E3-409D-95BE-100BAB5F2976}.Release|Any CPU.ActiveCfg = Release|Any CPU
		{B8DBBB24-D9E3-409D-95BE-100BAB5F2976}.Release|Any CPU.Build.0 = Release|Any CPU
		{E81CA6E6-3C38-4F4D-9730-89D71018C81A}.Debug|Any CPU.ActiveCfg = Debug|Any CPU
		{E81CA6E6-3C38-4F4D-9730-89D71018C81A}.Debug|Any CPU.Build.0 = Debug|Any CPU
		{E81CA6E6-3C38-4F4D-9730-89D71018C81A}.Release|Any CPU.ActiveCfg = Release|Any CPU
		{E81CA6E6-3C38-4F4D-9730-89D71018C81A}.Release|Any CPU.Build.0 = Release|Any CPU
	EndGlobalSection
	GlobalSection(SolutionProperties) = preSolution
		HideSolutionNode = FALSE
	EndGlobalSection
	GlobalSection(ExtensibilityGlobals) = postSolution
		SolutionGuid = {2D5AF988-46E8-476C-BB0D-BF692283768D}
	EndGlobalSection
EndGlobal
